<?xml version="1.0" encoding="utf-8"?>
<Project ToolsVersion="4.0" xmlns="http://schemas.microsoft.com/developer/msbuild/2003">
  <ItemGroup>
    <Filter Include="Source Files">
      <UniqueIdentifier>{4FC737F1-C7A5-4376-A066-2A32D752A2FF}</UniqueIdentifier>
      <Extensions>cpp;c;cc;cxx;def;odl;idl;hpj;bat;asm;asmx</Extensions>
    </Filter>
    <Filter Include="Header Files">
      <UniqueIdentifier>{93995380-89BD-4b04-88EB-625FBE52EBFB}</UniqueIdentifier>
      <Extensions>h;hh;hpp;hxx;hm;inl;inc;xsd</Extensions>
    </Filter>
    <Filter Include="Resource Files">
      <UniqueIdentifier>{67DA6AB6-F800-4c08-8B7A-83BB121AAD01}</UniqueIdentifier>
      <Extensions>qrc;rc;ico;cur;bmp;dlg;rc2;rct;bin;rgs;gif;jpg;jpeg;jpe;resx;tiff;tif;png;wav;mfcribbon-ms</Extensions>
    </Filter>
    <Filter Include="Form Files">
      <UniqueIdentifier>{99349809-55BA-4b9d-BF79-8FDBB0286EB3}</UniqueIdentifier>
      <Extensions>ui</Extensions>
    </Filter>
    <Filter Include="Translation Files">
      <UniqueIdentifier>{639EADAA-A684-42e4-A9AD-28FC9BCB8F7C}</UniqueIdentifier>
      <Extensions>ts</Extensions>
    </Filter>
    <Filter Include="shader">
      <UniqueIdentifier>{fe05a4ee-5194-4a5e-a4b5-66b73ba4262d}</UniqueIdentifier>
    </Filter>
  </ItemGroup>
  <ItemGroup>
    <QtRcc Include="userstudy.qrc">
      <Filter>Resource Files</Filter>
    </QtRcc>
    <QtUic Include="userstudy.ui">
      <Filter>Form Files</Filter>
    </QtUic>
    <QtMoc Include="userstudy.h">
      <Filter>Header Files</Filter>
    </QtMoc>
    <ClCompile Include="userstudy.cpp">
      <Filter>Source Files</Filter>
    </ClCompile>
  </ItemGroup>
  <ItemGroup>
    <ClCompile Include="main.cpp">
      <Filter>Source Files</Filter>
    </ClCompile>
    <ClCompile Include="DXWidget.cpp">
      <Filter>Source Files</Filter>
    </ClCompile>
    <ClCompile Include="StepTimer.cpp">
      <Filter>Source Files</Filter>
    </ClCompile>
    <ClCompile Include="ColorTestWidget.cpp">
      <Filter>Source Files</Filter>
    </ClCompile>
    <ClCompile Include="Device3DCheckWidget.cpp">
      <Filter>Source Files</Filter>
    </ClCompile>
    <ClCompile Include="StereoTestWidget.cpp">
      <Filter>Source Files</Filter>
    </ClCompile>
    <ClCompile Include="UserStudyMainWindow.cpp">
      <Filter>Source Files</Filter>
    </ClCompile>
    <ClCompile Include="Display3DWidget.cpp">
      <Filter>Source Files</Filter>
    </ClCompile>
    <ClCompile Include="Experiment1.cpp">
      <Filter>Source Files</Filter>
    </ClCompile>
    <ClCompile Include="Experiment2.cpp">
      <Filter>Source Files</Filter>
    </ClCompile>
    <ClCompile Include="ExperimentBase.cpp">
      <Filter>Source Files</Filter>
    </ClCompile>
    <ClCompile Include="TrialsBase.cpp">
      <Filter>Source Files</Filter>
    </ClCompile>
    <ClCompile Include="Trials1.cpp">
      <Filter>Source Files</Filter>
    </ClCompile>
  </ItemGroup>
  <ItemGroup>
    <ClInclude Include="DXWidget.h">
      <Filter>Header Files</Filter>
    </ClInclude>
    <ClInclude Include="StepTimer.h">
      <Filter>Header Files</Filter>
    </ClInclude>
    <ClInclude Include="pch.h">
      <Filter>Header Files</Filter>
    </ClInclude>
  </ItemGroup>
  <ItemGroup>
    <QtMoc Include="ColorTestWidget.h">
      <Filter>Header Files</Filter>
    </QtMoc>
    <QtMoc Include="Display3DWidget.h">
      <Filter>Header Files</Filter>
    </QtMoc>
    <QtMoc Include="Device3DCheckWidget.h">
      <Filter>Header Files</Filter>
    </QtMoc>
    <QtMoc Include="StereoTestWidget.h">
      <Filter>Header Files</Filter>
    </QtMoc>
    <QtMoc Include="UserStudyMainWindow.h">
      <Filter>Header Files</Filter>
    </QtMoc>
    <QtMoc Include="Experiment1.h">
      <Filter>Header Files</Filter>
    </QtMoc>
    <QtMoc Include="Experiment2.h">
      <Filter>Header Files</Filter>
    </QtMoc>
    <QtMoc Include="ExperimentBase.h">
      <Filter>Header Files</Filter>
    </QtMoc>
    <QtMoc Include="TrialsBase.h">
      <Filter>Header Files</Filter>
    </QtMoc>
    <QtMoc Include="Trials1.h">
      <Filter>Header Files</Filter>
    </QtMoc>
  </ItemGroup>
  <ItemGroup>
    <FxCompile Include="Image_PS.hlsl">
      <Filter>shader</Filter>
    </FxCompile>
    <FxCompile Include="Image_VS.hlsl">
      <Filter>shader</Filter>
    </FxCompile>
  </ItemGroup>
  <ItemGroup>
    <QtUic Include="ColorTestForm.ui">
      <Filter>Form Files</Filter>
    </QtUic>
    <QtUic Include="3DDeviceCheck.ui">
      <Filter>Form Files</Filter>
    </QtUic>
    <QtUic Include="StereoTest.ui">
      <Filter>Form Files</Filter>
    </QtUic>
    <QtUic Include="ExpComparisonForm.ui">
      <Filter>Form Files</Filter>
    </QtUic>
    <QtUic Include="MainWindowForm.ui">
      <Filter>Form Files</Filter>
    </QtUic>
    <QtUic Include="Exp1.ui">
      <Filter>Form Files</Filter>
    </QtUic>
  </ItemGroup>
</Project>